
Microsoft Visual Studio Solution File, Format Version 12.00
# Visual Studio Version 17
VisualStudioVersion = 17.0.31903.59
MinimumVisualStudioVersion = 10.0.40219.1
Project("{2150E333-8FDC-42A3-9474-1A3956D46DE8}") = "src", "src", "{827E0CD3-B72D-47B6-A68D-7590B98EB39B}"
EndProject
Project("{FAE04EC0-301F-11D3-BF4B-00C04F79EFBC}") = "Glyph.App", "src\Glyph.App\Glyph.App.csproj", "{8BE65591-2967-483E-8ACA-96512C30F56D}"
EndProject
Project("{FAE04EC0-301F-11D3-BF4B-00C04F79EFBC}") = "Glyph.Core", "src\Glyph.Core\Glyph.Core.csproj", "{277AEDDC-DB56-454B-8CFF-2B132C30FAC2}"
EndProject
Project("{FAE04EC0-301F-11D3-BF4B-00C04F79EFBC}") = "Glyph.Win32", "src\Glyph.Win32\Glyph.Win32.csproj", "{FF49258A-7025-47BD-8A82-B7895AC627E6}"
EndProject
Project("{FAE04EC0-301F-11D3-BF4B-00C04F79EFBC}") = "Glyph.Actions", "src\Glyph.Actions\Glyph.Actions.csproj", "{3451A6E5-0CE8-416C-ABAF-10F02EBA8610}"
EndProject
Project("{FAE04EC0-301F-11D3-BF4B-00C04F79EFBC}") = "Glyph.Core.Tests", "tests\Glyph.Core.Tests\Glyph.Core.Tests.csproj", "{BA0425EB-DA0E-4668-B5E8-E68198ECA2A9}"
EndProject
Global
	GlobalSection(SolutionConfigurationPlatforms) = preSolution
		Debug|Any CPU = Debug|Any CPU
		Debug|x64 = Debug|x64
		Debug|x86 = Debug|x86
		Release|Any CPU = Release|Any CPU
		Release|x64 = Release|x64
		Release|x86 = Release|x86
	EndGlobalSection
	GlobalSection(ProjectConfigurationPlatforms) = postSolution
		{8BE65591-2967-483E-8ACA-96512C30F56D}.Debug|Any CPU.ActiveCfg = Debug|Any CPU
		{8BE65591-2967-483E-8ACA-96512C30F56D}.Debug|Any CPU.Build.0 = Debug|Any CPU
		{8BE65591-2967-483E-8ACA-96512C30F56D}.Debug|x64.ActiveCfg = Debug|Any CPU
		{8BE65591-2967-483E-8ACA-96512C30F56D}.Debug|x64.Build.0 = Debug|Any CPU
		{8BE65591-2967-483E-8ACA-96512C30F56D}.Debug|x86.ActiveCfg = Debug|Any CPU
		{8BE65591-2967-483E-8ACA-96512C30F56D}.Debug|x86.Build.0 = Debug|Any CPU
		{8BE65591-2967-483E-8ACA-96512C30F56D}.Release|Any CPU.ActiveCfg = Release|Any CPU
		{8BE65591-2967-483E-8ACA-96512C30F56D}.Release|Any CPU.Build.0 = Release|Any CPU
		{8BE65591-2967-483E-8ACA-96512C30F56D}.Release|x64.ActiveCfg = Release|Any CPU
		{8BE65591-2967-483E-8ACA-96512C30F56D}.Release|x64.Build.0 = Release|Any CPU
		{8BE65591-2967-483E-8ACA-96512C30F56D}.Release|x86.ActiveCfg = Release|Any CPU
		{8BE65591-2967-483E-8ACA-96512C30F56D}.Release|x86.Build.0 = Release|Any CPU
		{277AEDDC-DB56-454B-8CFF-2B132C30FAC2}.Debug|Any CPU.ActiveCfg = Debug|Any CPU
		{277AEDDC-DB56-454B-8CFF-2B132C30FAC2}.Debug|Any CPU.Build.0 = Debug|Any CPU
		{277AEDDC-DB56-454B-8CFF-2B132C30FAC2}.Debug|x64.ActiveCfg = Debug|Any CPU
		{277AEDDC-DB56-454B-8CFF-2B132C30FAC2}.Debug|x64.Build.0 = Debug|Any CPU
		{277AEDDC-DB56-454B-8CFF-2B132C30FAC2}.Debug|x86.ActiveCfg = Debug|Any CPU
		{277AEDDC-DB56-454B-8CFF-2B132C30FAC2}.Debug|x86.Build.0 = Debug|Any CPU
		{277AEDDC-DB56-454B-8CFF-2B132C30FAC2}.Release|Any CPU.ActiveCfg = Release|Any CPU
		{277AEDDC-DB56-454B-8CFF-2B132C30FAC2}.Release|Any CPU.Build.0 = Release|Any CPU
		{277AEDDC-DB56-454B-8CFF-2B132C30FAC2}.Release|x64.ActiveCfg = Release|Any CPU
		{277AEDDC-DB56-454B-8CFF-2B132C30FAC2}.Release|x64.Build.0 = Release|Any CPU
		{277AEDDC-DB56-454B-8CFF-2B132C30FAC2}.Release|x86.ActiveCfg = Release|Any CPU
		{277AEDDC-DB56-454B-8CFF-2B132C30FAC2}.Release|x86.Build.0 = Release|Any CPU
		{FF49258A-7025-47BD-8A82-B7895AC627E6}.Debug|Any CPU.ActiveCfg = Debug|Any CPU
		{FF49258A-7025-47BD-8A82-B7895AC627E6}.Debug|Any CPU.Build.0 = Debug|Any CPU
		{FF49258A-7025-47BD-8A82-B7895AC627E6}.Debug|x64.ActiveCfg = Debug|Any CPU
		{FF49258A-7025-47BD-8A82-B7895AC627E6}.Debug|x64.Build.0 = Debug|Any CPU
		{FF49258A-7025-47BD-8A82-B7895AC627E6}.Debug|x86.ActiveCfg = Debug|Any CPU
		{FF49258A-7025-47BD-8A82-B7895AC627E6}.Debug|x86.Build.0 = Debug|Any CPU
		{FF49258A-7025-47BD-8A82-B7895AC627E6}.Release|Any CPU.ActiveCfg = Release|Any CPU
		{FF49258A-7025-47BD-8A82-B7895AC627E6}.Release|Any CPU.Build.0 = Release|Any CPU
		{FF49258A-7025-47BD-8A82-B7895AC627E6}.Release|x64.ActiveCfg = Release|Any CPU
		{FF49258A-7025-47BD-8A82-B7895AC627E6}.Release|x64.Build.0 = Release|Any CPU
		{FF49258A-7025-47BD-8A82-B7895AC627E6}.Release|x86.ActiveCfg = Release|Any CPU
		{FF49258A-7025-47BD-8A82-B7895AC627E6}.Release|x86.Build.0 = Release|Any CPU
		{3451A6E5-0CE8-416C-ABAF-10F02EBA8610}.Debug|Any CPU.ActiveCfg = Debug|Any CPU
		{3451A6E5-0CE8-416C-ABAF-10F02EBA8610}.Debug|Any CPU.Build.0 = Debug|Any CPU
		{3451A6E5-0CE8-416C-ABAF-10F02EBA8610}.Debug|x64.ActiveCfg = Debug|Any CPU
		{3451A6E5-0CE8-416C-ABAF-10F02EBA8610}.Debug|x64.Build.0 = Debug|Any CPU
		{3451A6E5-0CE8-416C-ABAF-10F02EBA8610}.Debug|x86.ActiveCfg = Debug|Any CPU
		{3451A6E5-0CE8-416C-ABAF-10F02EBA8610}.Debug|x86.Build.0 = Debug|Any CPU
		{3451A6E5-0CE8-416C-ABAF-10F02EBA8610}.Release|Any CPU.ActiveCfg = Release|Any CPU
		{3451A6E5-0CE8-416C-ABAF-10F02EBA8610}.Release|Any CPU.Build.0 = Release|Any CPU
		{3451A6E5-0CE8-416C-ABAF-10F02EBA8610}.Release|x64.ActiveCfg = Release|Any CPU
		{3451A6E5-0CE8-416C-ABAF-10F02EBA8610}.Release|x64.Build.0 = Release|Any CPU
		{3451A6E5-0CE8-416C-ABAF-10F02EBA8610}.Release|x86.ActiveCfg = Release|Any CPU
		{3451A6E5-0CE8-416C-ABAF-10F02EBA8610}.Release|x86.Build.0 = Release|Any CPU
		{BA0425EB-DA0E-4668-B5E8-E68198ECA2A9}.Debug|Any CPU.ActiveCfg = Debug|Any CPU
		{BA0425EB-DA0E-4668-B5E8-E68198ECA2A9}.Debug|Any CPU.Build.0 = Debug|Any CPU
		{BA0425EB-DA0E-4668-B5E8-E68198ECA2A9}.Debug|x64.ActiveCfg = Debug|Any CPU
		{BA0425EB-DA0E-4668-B5E8-E68198ECA2A9}.Debug|x64.Build.0 = Debug|Any CPU
		{BA0425EB-DA0E-4668-B5E8-E68198ECA2A9}.Debug|x86.ActiveCfg = Debug|Any CPU
		{BA0425EB-DA0E-4668-B5E8-E68198ECA2A9}.Debug|x86.Build.0 = Debug|Any CPU
		{BA0425EB-DA0E-4668-B5E8-E68198ECA2A9}.Release|Any CPU.ActiveCfg = Release|Any CPU
		{BA0425EB-DA0E-4668-B5E8-E68198ECA2A9}.Release|Any CPU.Build.0 = Release|Any CPU
		{BA0425EB-DA0E-4668-B5E8-E68198ECA2A9}.Release|x64.ActiveCfg = Release|Any CPU
		{BA0425EB-DA0E-4668-B5E8-E68198ECA2A9}.Release|x64.Build.0 = Release|Any CPU
		{BA0425EB-DA0E-4668-B5E8-E68198ECA2A9}.Release|x86.ActiveCfg = Release|Any CPU
		{BA0425EB-DA0E-4668-B5E8-E68198ECA2A9}.Release|x86.Build.0 = Release|Any CPU
	EndGlobalSection
	GlobalSection(SolutionProperties) = preSolution
		HideSolutionNode = FALSE
	EndGlobalSection
	GlobalSection(NestedProjects) = preSolution
		{8BE65591-2967-483E-8ACA-96512C30F56D} = {827E0CD3-B72D-47B6-A68D-7590B98EB39B}
		{277AEDDC-DB56-454B-8CFF-2B132C30FAC2} = {827E0CD3-B72D-47B6-A68D-7590B98EB39B}
		{FF49258A-7025-47BD-8A82-B7895AC627E6} = {827E0CD3-B72D-47B6-A68D-7590B98EB39B}
		{3451A6E5-0CE8-416C-ABAF-10F02EBA8610} = {827E0CD3-B72D-47B6-A68D-7590B98EB39B}
		{BA0425EB-DA0E-4668-B5E8-E68198ECA2A9} = {827E0CD3-B72D-47B6-A68D-7590B98EB39B}
	EndGlobalSection
EndGlobal
